
Microsoft Visual Studio Solution File, Format Version 12.00
# Visual Studio Version 17
VisualStudioVersion = 17.14.35821.62
MinimumVisualStudioVersion = 10.0.40219.1
Project("{2150E333-8FDC-42A3-9474-1A3956D46DE8}") = "src", "src", "{02EA681E-C7D8-13C7-8484-4AC65E1B71E8}"
EndProject
Project("{2150E333-8FDC-42A3-9474-1A3956D46DE8}") = "core", "core", "{D4B4EF04-34F9-46B5-A581-BE1608A1E8D7}"
EndProject
Project("{2150E333-8FDC-42A3-9474-1A3956D46DE8}") = "infrastructure", "infrastructure", "{439D7498-84B9-475B-B2FB-80E4AEFBE09C}"
EndProject
Project("{2150E333-8FDC-42A3-9474-1A3956D46DE8}") = "presentation", "presentation", "{4D49D651-BA03-407D-8343-EF2DA271F342}"
EndProject
Project("{FAE04EC0-301F-11D3-BF4B-00C04F79EFBC}") = "DevBudy.DOMAIN", "src\core\DevBudy.DOMAIN\DevBudy.DOMAIN.csproj", "{D1363534-ED58-4360-ACAE-35237713BFE7}"
EndProject
Project("{FAE04EC0-301F-11D3-BF4B-00C04F79EFBC}") = "DevBudy.APPLICATION", "src\core\DevBudy.APPLICATION\DevBudy.APPLICATION.csproj", "{E7C4C59D-AF97-46AA-A287-A6F3D94E0F25}"
EndProject
Project("{FAE04EC0-301F-11D3-BF4B-00C04F79EFBC}") = "DevBudy.CONTRACT", "src\core\DevBudy.CONTRACT\DevBudy.CONTRACT.csproj", "{E9E9D176-D5AB-48E3-93D8-864E277FA80C}"
EndProject
Project("{FAE04EC0-301F-11D3-BF4B-00C04F79EFBC}") = "DevBudy.PERSISTANCE", "src\infrastructure\DevBudy.PERSISTANCE\DevBudy.PERSISTANCE.csproj", "{F9812150-2275-4F0B-8B53-F634EB2C70E3}"
EndProject
Project("{FAE04EC0-301F-11D3-BF4B-00C04F79EFBC}") = "DevBudy.DEPENDENCYRESOLVER", "src\infrastructure\DevBudy.DEPENDENCYRESOLVER\DevBudy.DEPENDENCYRESOLVER.csproj", "{13145FC4-ED30-4292-A780-53213553D1AB}"
EndProject
Project("{2150E333-8FDC-42A3-9474-1A3956D46DE8}") = "webapi", "webapi", "{6A9CDFC9-5BAE-4FFC-8600-F01A847D728D}"
EndProject
Project("{FAE04EC0-301F-11D3-BF4B-00C04F79EFBC}") = "DevBudy.API", "src\presentation\webapi\DevBudy.API\DevBudy.API.csproj", "{B69450CA-CCF9-4AFE-A0AF-C8756A8DC545}"
EndProject
Project("{FAE04EC0-301F-11D3-BF4B-00C04F79EFBC}") = "DevBudy.COMMON", "src\core\DevBudy.COMMON\DevBudy.COMMON.csproj", "{2ECC92B0-9426-4E0B-970E-2B645C8E5A04}"
EndProject
Project("{FAE04EC0-301F-11D3-BF4B-00C04F79EFBC}") = "DevBudy.INNERINFRASTRUCTURE", "src\infrastructure\DevBudy.INNERINFRASTRUCTURE\DevBudy.INNERINFRASTRUCTURE.csproj", "{A1D217B6-48C0-487D-9DA7-0A8CD5412A81}"
EndProject
Global
	GlobalSection(SolutionConfigurationPlatforms) = preSolution
		Debug|Any CPU = Debug|Any CPU
		Release|Any CPU = Release|Any CPU
	EndGlobalSection
	GlobalSection(ProjectConfigurationPlatforms) = postSolution
		{D1363534-ED58-4360-ACAE-35237713BFE7}.Debug|Any CPU.ActiveCfg = Debug|Any CPU
		{D1363534-ED58-4360-ACAE-35237713BFE7}.Debug|Any CPU.Build.0 = Debug|Any CPU
		{D1363534-ED58-4360-ACAE-35237713BFE7}.Release|Any CPU.ActiveCfg = Release|Any CPU
		{D1363534-ED58-4360-ACAE-35237713BFE7}.Release|Any CPU.Build.0 = Release|Any CPU
		{E7C4C59D-AF97-46AA-A287-A6F3D94E0F25}.Debug|Any CPU.ActiveCfg = Debug|Any CPU
		{E7C4C59D-AF97-46AA-A287-A6F3D94E0F25}.Debug|Any CPU.Build.0 = Debug|Any CPU
		{E7C4C59D-AF97-46AA-A287-A6F3D94E0F25}.Release|Any CPU.ActiveCfg = Release|Any CPU
		{E7C4C59D-AF97-46AA-A287-A6F3D94E0F25}.Release|Any CPU.Build.0 = Release|Any CPU
		{E9E9D176-D5AB-48E3-93D8-864E277FA80C}.Debug|Any CPU.ActiveCfg = Debug|Any CPU
		{E9E9D176-D5AB-48E3-93D8-864E277FA80C}.Debug|Any CPU.Build.0 = Debug|Any CPU
		{E9E9D176-D5AB-48E3-93D8-864E277FA80C}.Release|Any CPU.ActiveCfg = Release|Any CPU
		{E9E9D176-D5AB-48E3-93D8-864E277FA80C}.Release|Any CPU.Build.0 = Release|Any CPU
		{F9812150-2275-4F0B-8B53-F634EB2C70E3}.Debug|Any CPU.ActiveCfg = Debug|Any CPU
		{F9812150-2275-4F0B-8B53-F634EB2C70E3}.Debug|Any CPU.Build.0 = Debug|Any CPU
		{F9812150-2275-4F0B-8B53-F634EB2C70E3}.Release|Any CPU.ActiveCfg = Release|Any CPU
		{F9812150-2275-4F0B-8B53-F634EB2C70E3}.Release|Any CPU.Build.0 = Release|Any CPU
		{13145FC4-ED30-4292-A780-53213553D1AB}.Debug|Any CPU.ActiveCfg = Debug|Any CPU
		{13145FC4-ED30-4292-A780-53213553D1AB}.Debug|Any CPU.Build.0 = Debug|Any CPU
		{13145FC4-ED30-4292-A780-53213553D1AB}.Release|Any CPU.ActiveCfg = Release|Any CPU
		{13145FC4-ED30-4292-A780-53213553D1AB}.Release|Any CPU.Build.0 = Release|Any CPU
		{B69450CA-CCF9-4AFE-A0AF-C8756A8DC545}.Debug|Any CPU.ActiveCfg = Debug|Any CPU
		{B69450CA-CCF9-4AFE-A0AF-C8756A8DC545}.Debug|Any CPU.Build.0 = Debug|Any CPU
		{B69450CA-CCF9-4AFE-A0AF-C8756A8DC545}.Release|Any CPU.ActiveCfg = Release|Any CPU
		{B69450CA-CCF9-4AFE-A0AF-C8756A8DC545}.Release|Any CPU.Build.0 = Release|Any CPU
		{2ECC92B0-9426-4E0B-970E-2B645C8E5A04}.Debug|Any CPU.ActiveCfg = Debug|Any CPU
		{2ECC92B0-9426-4E0B-970E-2B645C8E5A04}.Debug|Any CPU.Build.0 = Debug|Any CPU
		{2ECC92B0-9426-4E0B-970E-2B645C8E5A04}.Release|Any CPU.ActiveCfg = Release|Any CPU
		{2ECC92B0-9426-4E0B-970E-2B645C8E5A04}.Release|Any CPU.Build.0 = Release|Any CPU
		{A1D217B6-48C0-487D-9DA7-0A8CD5412A81}.Debug|Any CPU.ActiveCfg = Debug|Any CPU
		{A1D217B6-48C0-487D-9DA7-0A8CD5412A81}.Debug|Any CPU.Build.0 = Debug|Any CPU
		{A1D217B6-48C0-487D-9DA7-0A8CD5412A81}.Release|Any CPU.ActiveCfg = Release|Any CPU
		{A1D217B6-48C0-487D-9DA7-0A8CD5412A81}.Release|Any CPU.Build.0 = Release|Any CPU
	EndGlobalSection
	GlobalSection(SolutionProperties) = preSolution
		HideSolutionNode = FALSE
	EndGlobalSection
	GlobalSection(NestedProjects) = preSolution
		{D4B4EF04-34F9-46B5-A581-BE1608A1E8D7} = {02EA681E-C7D8-13C7-8484-4AC65E1B71E8}
		{439D7498-84B9-475B-B2FB-80E4AEFBE09C} = {02EA681E-C7D8-13C7-8484-4AC65E1B71E8}
		{4D49D651-BA03-407D-8343-EF2DA271F342} = {02EA681E-C7D8-13C7-8484-4AC65E1B71E8}
		{D1363534-ED58-4360-ACAE-35237713BFE7} = {D4B4EF04-34F9-46B5-A581-BE1608A1E8D7}
		{E7C4C59D-AF97-46AA-A287-A6F3D94E0F25} = {D4B4EF04-34F9-46B5-A581-BE1608A1E8D7}
		{E9E9D176-D5AB-48E3-93D8-864E277FA80C} = {D4B4EF04-34F9-46B5-A581-BE1608A1E8D7}
		{F9812150-2275-4F0B-8B53-F634EB2C70E3} = {439D7498-84B9-475B-B2FB-80E4AEFBE09C}
		{13145FC4-ED30-4292-A780-53213553D1AB} = {439D7498-84B9-475B-B2FB-80E4AEFBE09C}
		{6A9CDFC9-5BAE-4FFC-8600-F01A847D728D} = {4D49D651-BA03-407D-8343-EF2DA271F342}
		{B69450CA-CCF9-4AFE-A0AF-C8756A8DC545} = {6A9CDFC9-5BAE-4FFC-8600-F01A847D728D}
		{2ECC92B0-9426-4E0B-970E-2B645C8E5A04} = {D4B4EF04-34F9-46B5-A581-BE1608A1E8D7}
		{A1D217B6-48C0-487D-9DA7-0A8CD5412A81} = {439D7498-84B9-475B-B2FB-80E4AEFBE09C}
	EndGlobalSection
	GlobalSection(ExtensibilityGlobals) = postSolution
		SolutionGuid = {89505D3F-8B9D-4184-A813-385D784AFCDE}
	EndGlobalSection
EndGlobal
